
Microsoft Visual Studio Solution File, Format Version 12.00
# Visual Studio Version 17
VisualStudioVersion = 17.9.34607.119
MinimumVisualStudioVersion = 10.0.40219.1
Project("{FAE04EC0-301F-11D3-BF4B-00C04F79EFBC}") = "DemoTry", "DemoTry.csproj", "{26F0DD9B-1A44-4CAB-8388-B36E2506C8A2}"
EndProject
Global
	GlobalSection(SolutionConfigurationPlatforms) = preSolution
		Debug|Any CPU = Debug|Any CPU
		Release|Any CPU = Release|Any CPU
	EndGlobalSection
	GlobalSection(ProjectConfigurationPlatforms) = postSolution
		{26F0DD9B-1A44-4CAB-8388-B36E2506C8A2}.Debug|Any CPU.ActiveCfg = Debug|Any CPU
		{26F0DD9B-1A44-4CAB-8388-B36E2506C8A2}.Debug|Any CPU.Build.0 = Debug|Any CPU
		{26F0DD9B-1A44-4CAB-8388-B36E2506C8A2}.Release|Any CPU.ActiveCfg = Release|Any CPU
		{26F0DD9B-1A44-4CAB-8388-B36E2506C8A2}.Release|Any CPU.Build.0 = Release|Any CPU
	EndGlobalSection
	GlobalSection(SolutionProperties) = preSolution
		HideSolutionNode = FALSE
	EndGlobalSection
	GlobalSection(ExtensibilityGlobals) = postSolution
		SolutionGuid = {D6DC68CC-EA40-497B-AA59-8AC1CDDC92C0}
	EndGlobalSection
EndGlobal
